# What this repository adopted, and what its reviewers resolved to.
# Written by `mf init` and `mf models pin`; compared by `mf upgrade` and `mf doctor`.
# A pinned model that no longer matches the configuration is reported, never
# silently corrected: which side is right is a decision, not a default.
version = 1
framework_version = "v0.7.1"
